
Microsoft Visual Studio Solution File, Format Version 12.00
# Visual Studio Version 16
VisualStudioVersion = 16.0.31702.278
MinimumVisualStudioVersion = 10.0.40219.1
Project("{F184B08F-C81C-45F6-A57F-5ABD9991F28F}") = "StringCalculatorKata", "StringCalculatorKata\StringCalculatorKata.vbproj", "{4F4475A5-33C2-40B0-9A4A-1ADA084A7C64}"
EndProject
Project("{F184B08F-C81C-45F6-A57F-5ABD9991F28F}") = "StringCalculatorTests", "StringCalculatorTests\StringCalculatorTests.vbproj", "{613CB643-E175-4775-8849-821DFD940CA8}"
EndProject
Global
	GlobalSection(SolutionConfigurationPlatforms) = preSolution
		Debug|Any CPU = Debug|Any CPU
		Release|Any CPU = Release|Any CPU
	EndGlobalSection
	GlobalSection(ProjectConfigurationPlatforms) = postSolution
		{4F4475A5-33C2-40B0-9A4A-1ADA084A7C64}.Debug|Any CPU.ActiveCfg = Debug|Any CPU
		{4F4475A5-33C2-40B0-9A4A-1ADA084A7C64}.Debug|Any CPU.Build.0 = Debug|Any CPU
		{4F4475A5-33C2-40B0-9A4A-1ADA084A7C64}.Release|Any CPU.ActiveCfg = Release|Any CPU
		{4F4475A5-33C2-40B0-9A4A-1ADA084A7C64}.Release|Any CPU.Build.0 = Release|Any CPU
		{613CB643-E175-4775-8849-821DFD940CA8}.Debug|Any CPU.ActiveCfg = Debug|Any CPU
		{613CB643-E175-4775-8849-821DFD940CA8}.Debug|Any CPU.Build.0 = Debug|Any CPU
		{613CB643-E175-4775-8849-821DFD940CA8}.Release|Any CPU.ActiveCfg = Release|Any CPU
		{613CB643-E175-4775-8849-821DFD940CA8}.Release|Any CPU.Build.0 = Release|Any CPU
	EndGlobalSection
	GlobalSection(SolutionProperties) = preSolution
		HideSolutionNode = FALSE
	EndGlobalSection
	GlobalSection(ExtensibilityGlobals) = postSolution
		SolutionGuid = {D72150FD-829F-44B2-9EB2-9099B89AF774}
	EndGlobalSection
EndGlobal
